<?xml version="1.0" encoding="UTF-8" standalone="yes" ?>
<CodeBlocks_project_file>
	<FileVersion major="1" minor="6" />
	<Project>
		<Option title="4dk4 lab3" />
		<Option pch_mode="2" />
		<Option compiler="gcc" />
		<Build>
			<Target title="Release">
				<Option output="bin/Release/4dk4 lab3" prefix_auto="1" extension_auto="1" />
				<Option object_output="obj/Release/" />
				<Option type="1" />
				<Option compiler="gcc" />
				<Compiler>
					<Add option="-O2" />
				</Compiler>
				<Linker>
					<Add option="-s" />
				</Linker>
			</Target>
		</Build>
		<Compiler>
			<Add option="-Wall" />
		</Compiler>
		<Unit filename="../.DS_Store" />
		<Unit filename="../CMakeLists.txt" />
		<Unit filename="../GNU_PUBLIC_LICENSE.txt" />
		<Unit filename="../GPL_HEADER.txt" />
		<Unit filename="../README" />
		<Unit filename="../call_arrival.c">
			<Option compilerVar="CC" />
		</Unit>
		<Unit filename="../call_arrival.h" />
		<Unit filename="../call_departure.c">
			<Option compilerVar="CC" />
		</Unit>
		<Unit filename="../call_departure.h" />
		<Unit filename="../call_duration.c">
			<Option compilerVar="CC" />
		</Unit>
		<Unit filename="../call_duration.h" />
		<Unit filename="../cleanup.c">
			<Option compilerVar="CC" />
		</Unit>
		<Unit filename="../cleanup.h" />
		<Unit filename="../main.c">
			<Option compilerVar="CC" />
		</Unit>
		<Unit filename="../main.h" />
		<Unit filename="../output.c">
			<Option compilerVar="CC" />
		</Unit>
		<Unit filename="../output.h" />
		<Unit filename="../simlib.c">
			<Option compilerVar="CC" />
		</Unit>
		<Unit filename="../simlib.h" />
		<Unit filename="../simparameters.h" />
		<Unit filename="../trace.h" />
		<Extensions>
			<code_completion />
			<envvars />
			<debugger />
		</Extensions>
	</Project>
</CodeBlocks_project_file>
